// !$*UTF8*$!
{
	archiveVersion = 1;
	classes = {
	};
	objectVersion = 46;
	objects = {

/* Begin PBXBuildFile section */
		B1DB7B0B2FE4A8D2127B71DF /* Pods_Avoid__The_Game.framework in Frameworks */ = {isa = PBXBuildFile; fileRef = 969A0472529B42C88A8E1AD7 /* Pods_Avoid__The_Game.framework */; };
		B8FD0A3720B316C2009F657F /* spark.png in Resources */ = {isa = PBXBuildFile; fileRef = B8FD0A1620B316C2009F657F /* spark.png */; };
		B8FD0A3820B316C2009F657F /* DefenseParticle.sks in Resources */ = {isa = PBXBuildFile; fileRef = B8FD0A1720B316C2009F657F /* DefenseParticle.sks */; };
		B8FD0A3C20B316C3009F657F /* avo1d.xcdatamodeld in Sources */ = {isa = PBXBuildFile; fileRef = B8FD0A1C20B316C2009F657F /* avo1d.xcdatamodeld */; };
		B8FD0A3E20B316C3009F657F /* GameViewController.swift in Sources */ = {isa = PBXBuildFile; fileRef = B8FD0A2220B316C2009F657F /* GameViewController.swift */; };
		B8FD0A4120B316C3009F657F /* Images.xcassets in Resources */ = {isa = PBXBuildFile; fileRef = B8FD0A2520B316C2009F657F /* Images.xcassets */; };
		B8FD0A4220B316C3009F657F /* GameScene.sks in Resources */ = {isa = PBXBuildFile; fileRef = B8FD0A2620B316C2009F657F /* GameScene.sks */; };
		B8FD0A4320B316C3009F657F /* AppDelegate.swift in Sources */ = {isa = PBXBuildFile; fileRef = B8FD0A2720B316C2009F657F /* AppDelegate.swift */; };
		B8FD0A4420B316C3009F657F /* MenuViewController.swift in Sources */ = {isa = PBXBuildFile; fileRef = B8FD0A2820B316C2009F657F /* MenuViewController.swift */; };
		B8FD0A4520B316C3009F657F /* GameScene.swift in Sources */ = {isa = PBXBuildFile; fileRef = B8FD0A2920B316C2009F657F /* GameScene.swift */; };
		B8FD0A4620B316C3009F657F /* EAIntroView.m in Sources */ = {isa = PBXBuildFile; fileRef = B8FD0A2F20B316C2009F657F /* EAIntroView.m */; };
		B8FD0A4720B316C3009F657F /* EAIntroPage.m in Sources */ = {isa = PBXBuildFile; fileRef = B8FD0A3020B316C2009F657F /* EAIntroPage.m */; };
		B8FD0A4820B316C3009F657F /* EARestrictedScrollView.m in Sources */ = {isa = PBXBuildFile; fileRef = B8FD0A3120B316C2009F657F /* EARestrictedScrollView.m */; };
		B8FD0A4920B316C3009F657F /* CoreDataManager.swift in Sources */ = {isa = PBXBuildFile; fileRef = B8FD0A3420B316C2009F657F /* CoreDataManager.swift */; };
		B8FD0A4A20B316C3009F657F /* Animator.swift in Sources */ = {isa = PBXBuildFile; fileRef = B8FD0A3520B316C2009F657F /* Animator.swift */; };
		B8FD0A4E20B31E19009F657F /* LaunchScreen.xib in Resources */ = {isa = PBXBuildFile; fileRef = B8FD0A4C20B31E19009F657F /* LaunchScreen.xib */; };
		B8FD0A5120B31E68009F657F /* Main.storyboard in Resources */ = {isa = PBXBuildFile; fileRef = B8FD0A5020B31E68009F657F /* Main.storyboard */; };
		B8FD0A5420B3221C009F657F /* BulletCountView.swift in Sources */ = {isa = PBXBuildFile; fileRef = B8FD0A5320B3221C009F657F /* BulletCountView.swift */; };
		B8FD0A5620B3224A009F657F /* ForegroundGameView.swift in Sources */ = {isa = PBXBuildFile; fileRef = B8FD0A5520B3224A009F657F /* ForegroundGameView.swift */; };
		B8FD0A5820B322AF009F657F /* AvoidButton.swift in Sources */ = {isa = PBXBuildFile; fileRef = B8FD0A5720B322AF009F657F /* AvoidButton.swift */; };
		B8FD0A5B20B34059009F657F /* Audiowide-Regular.ttf in Resources */ = {isa = PBXBuildFile; fileRef = B8FD0A5A20B34059009F657F /* Audiowide-Regular.ttf */; };
		B8FD0A5D20B3406F009F657F /* Rubik-Regular.ttf in Resources */ = {isa = PBXBuildFile; fileRef = B8FD0A5C20B3406F009F657F /* Rubik-Regular.ttf */; };
		B8FD0A6120B34899009F657F /* BackgroundSwitcher.swift in Sources */ = {isa = PBXBuildFile; fileRef = B8FD0A6020B34899009F657F /* BackgroundSwitcher.swift */; };
		B8FD0A6320B348C7009F657F /* BackgroundSwitcherButton.swift in Sources */ = {isa = PBXBuildFile; fileRef = B8FD0A6220B348C7009F657F /* BackgroundSwitcherButton.swift */; };
		B8FD0A6520B34F4F009F657F /* UserNodePicker.swift in Sources */ = {isa = PBXBuildFile; fileRef = B8FD0A6420B34F4F009F657F /* UserNodePicker.swift */; };
/* End PBXBuildFile section */

/* Begin PBXFileReference section */
		6581AC9E4A7631E3A8BB9035 /* Pods-Avoid: The Game.debug.xcconfig */ = {isa = PBXFileReference; includeInIndex = 1; lastKnownFileType = text.xcconfig; name = "Pods-Avoid: The Game.debug.xcconfig"; path = "Pods/Target Support Files/Pods-Avoid: The Game/Pods-Avoid: The Game.debug.xcconfig"; sourceTree = "<group>"; };
		969A0472529B42C88A8E1AD7 /* Pods_Avoid__The_Game.framework */ = {isa = PBXFileReference; explicitFileType = wrapper.framework; includeInIndex = 0; path = Pods_Avoid__The_Game.framework; sourceTree = BUILT_PRODUCTS_DIR; };
		B8AC8DAE1A5191F1004D0F12 /* Avoid: The Game.app */ = {isa = PBXFileReference; explicitFileType = wrapper.application; includeInIndex = 0; path = "Avoid: The Game.app"; sourceTree = BUILT_PRODUCTS_DIR; };
		B8FD0A1620B316C2009F657F /* spark.png */ = {isa = PBXFileReference; lastKnownFileType = image.png; path = spark.png; sourceTree = "<group>"; };
		B8FD0A1720B316C2009F657F /* DefenseParticle.sks */ = {isa = PBXFileReference; lastKnownFileType = file.sks; path = DefenseParticle.sks; sourceTree = "<group>"; };
		B8FD0A1D20B316C2009F657F /* avo1d2.0.xcdatamodel */ = {isa = PBXFileReference; lastKnownFileType = wrapper.xcdatamodel; path = avo1d2.0.xcdatamodel; sourceTree = "<group>"; };
		B8FD0A1E20B316C2009F657F /* avo1d.xcdatamodel */ = {isa = PBXFileReference; lastKnownFileType = wrapper.xcdatamodel; path = avo1d.xcdatamodel; sourceTree = "<group>"; };
		B8FD0A1F20B316C2009F657F /* avo1d1.1.xcdatamodel */ = {isa = PBXFileReference; lastKnownFileType = wrapper.xcdatamodel; path = avo1d1.1.xcdatamodel; sourceTree = "<group>"; };
		B8FD0A2220B316C2009F657F /* GameViewController.swift */ = {isa = PBXFileReference; fileEncoding = 4; lastKnownFileType = sourcecode.swift; path = GameViewController.swift; sourceTree = "<group>"; };
		B8FD0A2520B316C2009F657F /* Images.xcassets */ = {isa = PBXFileReference; lastKnownFileType = folder.assetcatalog; path = Images.xcassets; sourceTree = "<group>"; };
		B8FD0A2620B316C2009F657F /* GameScene.sks */ = {isa = PBXFileReference; lastKnownFileType = file.sks; path = GameScene.sks; sourceTree = "<group>"; };
		B8FD0A2720B316C2009F657F /* AppDelegate.swift */ = {isa = PBXFileReference; fileEncoding = 4; lastKnownFileType = sourcecode.swift; path = AppDelegate.swift; sourceTree = "<group>"; };
		B8FD0A2820B316C2009F657F /* MenuViewController.swift */ = {isa = PBXFileReference; fileEncoding = 4; lastKnownFileType = sourcecode.swift; path = MenuViewController.swift; sourceTree = "<group>"; };
		B8FD0A2920B316C2009F657F /* GameScene.swift */ = {isa = PBXFileReference; fileEncoding = 4; lastKnownFileType = sourcecode.swift; path = GameScene.swift; sourceTree = "<group>"; };
		B8FD0A2C20B316C2009F657F /* EAIntroView.h */ = {isa = PBXFileReference; fileEncoding = 4; lastKnownFileType = sourcecode.c.h; path = EAIntroView.h; sourceTree = "<group>"; };
		B8FD0A2D20B316C2009F657F /* EAIntroPage.h */ = {isa = PBXFileReference; fileEncoding = 4; lastKnownFileType = sourcecode.c.h; path = EAIntroPage.h; sourceTree = "<group>"; };
		B8FD0A2E20B316C2009F657F /* EARestrictedScrollView.h */ = {isa = PBXFileReference; fileEncoding = 4; lastKnownFileType = sourcecode.c.h; path = EARestrictedScrollView.h; sourceTree = "<group>"; };
		B8FD0A2F20B316C2009F657F /* EAIntroView.m */ = {isa = PBXFileReference; fileEncoding = 4; lastKnownFileType = sourcecode.c.objc; path = EAIntroView.m; sourceTree = "<group>"; };
		B8FD0A3020B316C2009F657F /* EAIntroPage.m */ = {isa = PBXFileReference; fileEncoding = 4; lastKnownFileType = sourcecode.c.objc; path = EAIntroPage.m; sourceTree = "<group>"; };
		B8FD0A3120B316C2009F657F /* EARestrictedScrollView.m */ = {isa = PBXFileReference; fileEncoding = 4; lastKnownFileType = sourcecode.c.objc; path = EARestrictedScrollView.m; sourceTree = "<group>"; };
		B8FD0A3220B316C2009F657F /* Avoid-Bridging-Header.h */ = {isa = PBXFileReference; fileEncoding = 4; lastKnownFileType = sourcecode.c.h; path = "Avoid-Bridging-Header.h"; sourceTree = "<group>"; };
		B8FD0A3420B316C2009F657F /* CoreDataManager.swift */ = {isa = PBXFileReference; fileEncoding = 4; lastKnownFileType = sourcecode.swift; path = CoreDataManager.swift; sourceTree = "<group>"; };
		B8FD0A3520B316C2009F657F /* Animator.swift */ = {isa = PBXFileReference; fileEncoding = 4; lastKnownFileType = sourcecode.swift; path = Animator.swift; sourceTree = "<group>"; };
		B8FD0A3620B316C2009F657F /* Info.plist */ = {isa = PBXFileReference; fileEncoding = 4; lastKnownFileType = text.plist.xml; path = Info.plist; sourceTree = "<group>"; };
		B8FD0A4C20B31E19009F657F /* LaunchScreen.xib */ = {isa = PBXFileReference; fileEncoding = 4; lastKnownFileType = file.xib; path = LaunchScreen.xib; sourceTree = "<group>"; };
		B8FD0A5020B31E68009F657F /* Main.storyboard */ = {isa = PBXFileReference; fileEncoding = 4; lastKnownFileType = file.storyboard; path = Main.storyboard; sourceTree = "<group>"; };
		B8FD0A5320B3221C009F657F /* BulletCountView.swift */ = {isa = PBXFileReference; lastKnownFileType = sourcecode.swift; path = BulletCountView.swift; sourceTree = "<group>"; };
		B8FD0A5520B3224A009F657F /* ForegroundGameView.swift */ = {isa = PBXFileReference; lastKnownFileType = sourcecode.swift; path = ForegroundGameView.swift; sourceTree = "<group>"; };
		B8FD0A5720B322AF009F657F /* AvoidButton.swift */ = {isa = PBXFileReference; lastKnownFileType = sourcecode.swift; path = AvoidButton.swift; sourceTree = "<group>"; };
		B8FD0A5A20B34059009F657F /* Audiowide-Regular.ttf */ = {isa = PBXFileReference; lastKnownFileType = file; path = "Audiowide-Regular.ttf"; sourceTree = "<group>"; };
		B8FD0A5C20B3406F009F657F /* Rubik-Regular.ttf */ = {isa = PBXFileReference; lastKnownFileType = file; path = "Rubik-Regular.ttf"; sourceTree = "<group>"; };
		B8FD0A6020B34899009F657F /* BackgroundSwitcher.swift */ = {isa = PBXFileReference; lastKnownFileType = sourcecode.swift; path = BackgroundSwitcher.swift; sourceTree = "<group>"; };
		B8FD0A6220B348C7009F657F /* BackgroundSwitcherButton.swift */ = {isa = PBXFileReference; lastKnownFileType = sourcecode.swift; path = BackgroundSwitcherButton.swift; sourceTree = "<group>"; };
		B8FD0A6420B34F4F009F657F /* UserNodePicker.swift */ = {isa = PBXFileReference; lastKnownFileType = sourcecode.swift; path = UserNodePicker.swift; sourceTree = "<group>"; };
		C4759609766DEDE3F5CDF1AB /* Pods-Avoid: The Game.release.xcconfig */ = {isa = PBXFileReference; includeInIndex = 1; lastKnownFileType = text.xcconfig; name = "Pods-Avoid: The Game.release.xcconfig"; path = "Pods/Target Support Files/Pods-Avoid: The Game/Pods-Avoid: The Game.release.xcconfig"; sourceTree = "<group>"; };
/* End PBXFileReference section */

/* Begin PBXFrameworksBuildPhase section */
		B8AC8DAB1A5191F1004D0F12 /* Frameworks */ = {
			isa = PBXFrameworksBuildPhase;
			buildActionMask = 2147483647;
			files = (
				B1DB7B0B2FE4A8D2127B71DF /* Pods_Avoid__The_Game.framework in Frameworks */,
			);
			runOnlyForDeploymentPostprocessing = 0;
		};
/* End PBXFrameworksBuildPhase section */

/* Begin PBXGroup section */
		834A70DF481CC566A553C968 /* Frameworks */ = {
			isa = PBXGroup;
			children = (
				969A0472529B42C88A8E1AD7 /* Pods_Avoid__The_Game.framework */,
			);
			name = Frameworks;
			sourceTree = "<group>";
		};
		B8AC8DA51A5191F1004D0F12 = {
			isa = PBXGroup;
			children = (
				B8FD0A1320B316C2009F657F /* Avoid */,
				B8AC8DAF1A5191F1004D0F12 /* Products */,
				C8E4B3C6BA8808FDCA7488AB /* Pods */,
				834A70DF481CC566A553C968 /* Frameworks */,
			);
			sourceTree = "<group>";
		};
		B8AC8DAF1A5191F1004D0F12 /* Products */ = {
			isa = PBXGroup;
			children = (
				B8AC8DAE1A5191F1004D0F12 /* Avoid: The Game.app */,
			);
			name = Products;
			sourceTree = "<group>";
		};
		B8FD0A1320B316C2009F657F /* Avoid */ = {
			isa = PBXGroup;
			children = (
				B8FD0A2020B316C2009F657F /* iOS */,
				B8FD0A1420B316C2009F657F /* Shared */,
			);
			path = Avoid;
			sourceTree = "<group>";
		};
		B8FD0A1420B316C2009F657F /* Shared */ = {
			isa = PBXGroup;
			children = (
				B8FD0A1520B316C2009F657F /* Particle System */,
				B8FD0A1820B316C2009F657F /* Fonts */,
				B8FD0A1C20B316C2009F657F /* avo1d.xcdatamodeld */,
			);
			path = Shared;
			sourceTree = "<group>";
		};
		B8FD0A1520B316C2009F657F /* Particle System */ = {
			isa = PBXGroup;
			children = (
				B8FD0A1620B316C2009F657F /* spark.png */,
				B8FD0A1720B316C2009F657F /* DefenseParticle.sks */,
			);
			path = "Particle System";
			sourceTree = "<group>";
		};
		B8FD0A1820B316C2009F657F /* Fonts */ = {
			isa = PBXGroup;
			children = (
				B8FD0A5A20B34059009F657F /* Audiowide-Regular.ttf */,
				B8FD0A5C20B3406F009F657F /* Rubik-Regular.ttf */,
			);
			path = Fonts;
			sourceTree = "<group>";
		};
		B8FD0A2020B316C2009F657F /* iOS */ = {
			isa = PBXGroup;
			children = (
				B8FD0A2720B316C2009F657F /* AppDelegate.swift */,
				B8FD0A5E20B34883009F657F /* Menu */,
				B8FD0A5720B322AF009F657F /* AvoidButton.swift */,
				B8FD0A5220B321FF009F657F /* Game */,
				B8FD0A5020B31E68009F657F /* Main.storyboard */,
				B8FD0A4C20B31E19009F657F /* LaunchScreen.xib */,
				B8FD0A2520B316C2009F657F /* Images.xcassets */,
				B8FD0A2620B316C2009F657F /* GameScene.sks */,
				B8FD0A2A20B316C2009F657F /* Frameworks */,
				B8FD0A3320B316C2009F657F /* Helper Classes */,
				B8FD0A3620B316C2009F657F /* Info.plist */,
			);
			path = iOS;
			sourceTree = "<group>";
		};
		B8FD0A2A20B316C2009F657F /* Frameworks */ = {
			isa = PBXGroup;
			children = (
				B8FD0A2B20B316C2009F657F /* EAIntroView */,
				B8FD0A3220B316C2009F657F /* Avoid-Bridging-Header.h */,
			);
			path = Frameworks;
			sourceTree = "<group>";
		};
		B8FD0A2B20B316C2009F657F /* EAIntroView */ = {
			isa = PBXGroup;
			children = (
				B8FD0A2C20B316C2009F657F /* EAIntroView.h */,
				B8FD0A2D20B316C2009F657F /* EAIntroPage.h */,
				B8FD0A2E20B316C2009F657F /* EARestrictedScrollView.h */,
				B8FD0A2F20B316C2009F657F /* EAIntroView.m */,
				B8FD0A3020B316C2009F657F /* EAIntroPage.m */,
				B8FD0A3120B316C2009F657F /* EARestrictedScrollView.m */,
			);
			path = EAIntroView;
			sourceTree = "<group>";
		};
		B8FD0A3320B316C2009F657F /* Helper Classes */ = {
			isa = PBXGroup;
			children = (
				B8FD0A3420B316C2009F657F /* CoreDataManager.swift */,
				B8FD0A3520B316C2009F657F /* Animator.swift */,
			);
			path = "Helper Classes";
			sourceTree = "<group>";
		};
		B8FD0A5220B321FF009F657F /* Game */ = {
			isa = PBXGroup;
			children = (
				B8FD0A2220B316C2009F657F /* GameViewController.swift */,
				B8FD0A2920B316C2009F657F /* GameScene.swift */,
				B8FD0A5920B322BC009F657F /* Supplemental Views */,
			);
			path = Game;
			sourceTree = "<group>";
		};
		B8FD0A5920B322BC009F657F /* Supplemental Views */ = {
			isa = PBXGroup;
			children = (
				B8FD0A5320B3221C009F657F /* BulletCountView.swift */,
				B8FD0A5520B3224A009F657F /* ForegroundGameView.swift */,
			);
			path = "Supplemental Views";
			sourceTree = "<group>";
		};
		B8FD0A5E20B34883009F657F /* Menu */ = {
			isa = PBXGroup;
			children = (
				B8FD0A2820B316C2009F657F /* MenuViewController.swift */,
				B8FD0A6420B34F4F009F657F /* UserNodePicker.swift */,
				B8FD0A5F20B34888009F657F /* Background Switcher */,
			);
			path = Menu;
			sourceTree = "<group>";
		};
		B8FD0A5F20B34888009F657F /* Background Switcher */ = {
			isa = PBXGroup;
			children = (
				B8FD0A6020B34899009F657F /* BackgroundSwitcher.swift */,
				B8FD0A6220B348C7009F657F /* BackgroundSwitcherButton.swift */,
			);
			path = "Background Switcher";
			sourceTree = "<group>";
		};
		C8E4B3C6BA8808FDCA7488AB /* Pods */ = {
			isa = PBXGroup;
			children = (
				6581AC9E4A7631E3A8BB9035 /* Pods-Avoid: The Game.debug.xcconfig */,
				C4759609766DEDE3F5CDF1AB /* Pods-Avoid: The Game.release.xcconfig */,
			);
			name = Pods;
			sourceTree = "<group>";
		};
/* End PBXGroup section */

/* Begin PBXNativeTarget section */
		B8AC8DAD1A5191F1004D0F12 /* Avoid: The Game */ = {
			isa = PBXNativeTarget;
			buildConfigurationList = B8AC8DD11A5191F1004D0F12 /* Build configuration list for PBXNativeTarget "Avoid: The Game" */;
			buildPhases = (
				E995451775E1317A3427589E /* [CP] Check Pods Manifest.lock */,
				B8AC8DAA1A5191F1004D0F12 /* Sources */,
				B8AC8DAB1A5191F1004D0F12 /* Frameworks */,
				B8AC8DAC1A5191F1004D0F12 /* Resources */,
				86DF764162B90F89A71C87C2 /* [CP] Embed Pods Frameworks */,
			);
			buildRules = (
			);
			dependencies = (
			);
			name = "Avoid: The Game";
			productName = avo1d;
			productReference = B8AC8DAE1A5191F1004D0F12 /* Avoid: The Game.app */;
			productType = "com.apple.product-type.application";
		};
/* End PBXNativeTarget section */

/* Begin PBXProject section */
		B8AC8DA61A5191F1004D0F12 /* Project object */ = {
			isa = PBXProject;
			attributes = {
				LastSwiftMigration = 0700;
				LastSwiftUpdateCheck = 0700;
				LastUpgradeCheck = 0940;
				ORGANIZATIONNAME = CDWApps;
				TargetAttributes = {
					B8AC8DAD1A5191F1004D0F12 = {
						CreatedOnToolsVersion = 6.1.1;
						DevelopmentTeam = AP48SCT3J2;
						LastSwiftMigration = 0940;
						ProvisioningStyle = Automatic;
						SystemCapabilities = {
							com.apple.GameCenter = {
								enabled = 1;
							};
						};
					};
				};
			};
			buildConfigurationList = B8AC8DA91A5191F1004D0F12 /* Build configuration list for PBXProject "Avoid" */;
			compatibilityVersion = "Xcode 3.2";
			developmentRegion = English;
			hasScannedForEncodings = 0;
			knownRegions = (
				en,
				Base,
			);
			mainGroup = B8AC8DA51A5191F1004D0F12;
			productRefGroup = B8AC8DAF1A5191F1004D0F12 /* Products */;
			projectDirPath = "";
			projectRoot = "";
			targets = (
				B8AC8DAD1A5191F1004D0F12 /* Avoid: The Game */,
			);
		};
/* End PBXProject section */

/* Begin PBXResourcesBuildPhase section */
		B8AC8DAC1A5191F1004D0F12 /* Resources */ = {
			isa = PBXResourcesBuildPhase;
			buildActionMask = 2147483647;
			files = (
				B8FD0A4E20B31E19009F657F /* LaunchScreen.xib in Resources */,
				B8FD0A5120B31E68009F657F /* Main.storyboard in Resources */,
				B8FD0A4120B316C3009F657F /* Images.xcassets in Resources */,
				B8FD0A5B20B34059009F657F /* Audiowide-Regular.ttf in Resources */,
				B8FD0A5D20B3406F009F657F /* Rubik-Regular.ttf in Resources */,
				B8FD0A3820B316C2009F657F /* DefenseParticle.sks in Resources */,
				B8FD0A4220B316C3009F657F /* GameScene.sks in Resources */,
				B8FD0A3720B316C2009F657F /* spark.png in Resources */,
			);
			runOnlyForDeploymentPostprocessing = 0;
		};
/* End PBXResourcesBuildPhase section */

/* Begin PBXShellScriptBuildPhase section */
		86DF764162B90F89A71C87C2 /* [CP] Embed Pods Frameworks */ = {
			isa = PBXShellScriptBuildPhase;
			buildActionMask = 2147483647;
			files = (
			);
			inputPaths = (
				"${SRCROOT}/Pods/Target Support Files/Pods-Avoid: The Game/Pods-Avoid: The Game-frameworks.sh",
				"${BUILT_PRODUCTS_DIR}/DeviceKit/DeviceKit.framework",
			);
			name = "[CP] Embed Pods Frameworks";
			outputPaths = (
				"${TARGET_BUILD_DIR}/${FRAMEWORKS_FOLDER_PATH}/DeviceKit.framework",
			);
			runOnlyForDeploymentPostprocessing = 0;
			shellPath = /bin/sh;
			shellScript = "\"${SRCROOT}/Pods/Target Support Files/Pods-Avoid: The Game/Pods-Avoid: The Game-frameworks.sh\"\n";
			showEnvVarsInLog = 0;
		};
		E995451775E1317A3427589E /* [CP] Check Pods Manifest.lock */ = {
			isa = PBXShellScriptBuildPhase;
			buildActionMask = 2147483647;
			files = (
			);
			inputPaths = (
				"${PODS_PODFILE_DIR_PATH}/Podfile.lock",
				"${PODS_ROOT}/Manifest.lock",
			);
			name = "[CP] Check Pods Manifest.lock";
			outputPaths = (
				"$(DERIVED_FILE_DIR)/Pods-Avoid: The Game-checkManifestLockResult.txt",
			);
			runOnlyForDeploymentPostprocessing = 0;
			shellPath = /bin/sh;
			shellScript = "diff \"${PODS_PODFILE_DIR_PATH}/Podfile.lock\" \"${PODS_ROOT}/Manifest.lock\" > /dev/null\nif [ $? != 0 ] ; then\n    # print error to STDERR\n    echo \"error: The sandbox is not in sync with the Podfile.lock. Run 'pod install' or update your CocoaPods installation.\" >&2\n    exit 1\nfi\n# This output is used by Xcode 'outputs' to avoid re-running this script phase.\necho \"SUCCESS\" > \"${SCRIPT_OUTPUT_FILE_0}\"\n";
			showEnvVarsInLog = 0;
		};
/* End PBXShellScriptBuildPhase section */

/* Begin PBXSourcesBuildPhase section */
		B8AC8DAA1A5191F1004D0F12 /* Sources */ = {
			isa = PBXSourcesBuildPhase;
			buildActionMask = 2147483647;
			files = (
				B8FD0A4520B316C3009F657F /* GameScene.swift in Sources */,
				B8FD0A4820B316C3009F657F /* EARestrictedScrollView.m in Sources */,
				B8FD0A4320B316C3009F657F /* AppDelegate.swift in Sources */,
				B8FD0A3C20B316C3009F657F /* avo1d.xcdatamodeld in Sources */,
				B8FD0A6120B34899009F657F /* BackgroundSwitcher.swift in Sources */,
				B8FD0A5420B3221C009F657F /* BulletCountView.swift in Sources */,
				B8FD0A5620B3224A009F657F /* ForegroundGameView.swift in Sources */,
				B8FD0A3E20B316C3009F657F /* GameViewController.swift in Sources */,
				B8FD0A6520B34F4F009F657F /* UserNodePicker.swift in Sources */,
				B8FD0A4420B316C3009F657F /* MenuViewController.swift in Sources */,
				B8FD0A5820B322AF009F657F /* AvoidButton.swift in Sources */,
				B8FD0A4620B316C3009F657F /* EAIntroView.m in Sources */,
				B8FD0A4920B316C3009F657F /* CoreDataManager.swift in Sources */,
				B8FD0A4A20B316C3009F657F /* Animator.swift in Sources */,
				B8FD0A6320B348C7009F657F /* BackgroundSwitcherButton.swift in Sources */,
				B8FD0A4720B316C3009F657F /* EAIntroPage.m in Sources */,
			);
			runOnlyForDeploymentPostprocessing = 0;
		};
/* End PBXSourcesBuildPhase section */

/* Begin XCBuildConfiguration section */
		B8AC8DCF1A5191F1004D0F12 /* Debug */ = {
			isa = XCBuildConfiguration;
			buildSettings = {
				ALWAYS_SEARCH_USER_PATHS = NO;
				CLANG_CXX_LANGUAGE_STANDARD = "gnu++0x";
				CLANG_CXX_LIBRARY = "libc++";
				CLANG_ENABLE_MODULES = YES;
				CLANG_ENABLE_OBJC_ARC = YES;
				CLANG_WARN_BLOCK_CAPTURE_AUTORELEASING = YES;
				CLANG_WARN_BOOL_CONVERSION = YES;
				CLANG_WARN_COMMA = YES;
				CLANG_WARN_CONSTANT_CONVERSION = YES;
				CLANG_WARN_DEPRECATED_OBJC_IMPLEMENTATIONS = YES;
				CLANG_WARN_DIRECT_OBJC_ISA_USAGE = YES_ERROR;
				CLANG_WARN_EMPTY_BODY = YES;
				CLANG_WARN_ENUM_CONVERSION = YES;
				CLANG_WARN_INFINITE_RECURSION = YES;
				CLANG_WARN_INT_CONVERSION = YES;
				CLANG_WARN_NON_LITERAL_NULL_CONVERSION = YES;
				CLANG_WARN_OBJC_IMPLICIT_RETAIN_SELF = YES;
				CLANG_WARN_OBJC_LITERAL_CONVERSION = YES;
				CLANG_WARN_OBJC_ROOT_CLASS = YES_ERROR;
				CLANG_WARN_RANGE_LOOP_ANALYSIS = YES;
				CLANG_WARN_STRICT_PROTOTYPES = YES;
				CLANG_WARN_SUSPICIOUS_MOVE = YES;
				CLANG_WARN_UNREACHABLE_CODE = YES;
				CLANG_WARN__DUPLICATE_METHOD_MATCH = YES;
				"CODE_SIGN_IDENTITY[sdk=iphoneos*]" = "iPhone Developer";
				COPY_PHASE_STRIP = NO;
				ENABLE_STRICT_OBJC_MSGSEND = YES;
				ENABLE_TESTABILITY = YES;
				GCC_C_LANGUAGE_STANDARD = gnu99;
				GCC_DYNAMIC_NO_PIC = NO;
				GCC_NO_COMMON_BLOCKS = YES;
				GCC_OPTIMIZATION_LEVEL = 0;
				GCC_PREPROCESSOR_DEFINITIONS = (
					"DEBUG=1",
					"$(inherited)",
				);
				GCC_SYMBOLS_PRIVATE_EXTERN = NO;
				GCC_WARN_64_TO_32_BIT_CONVERSION = YES;
				GCC_WARN_ABOUT_RETURN_TYPE = YES_ERROR;
				GCC_WARN_UNDECLARED_SELECTOR = YES;
				GCC_WARN_UNINITIALIZED_AUTOS = YES_AGGRESSIVE;
				GCC_WARN_UNUSED_FUNCTION = YES;
				GCC_WARN_UNUSED_VARIABLE = YES;
				IPHONEOS_DEPLOYMENT_TARGET = 9.0;
				MTL_ENABLE_DEBUG_INFO = YES;
				ONLY_ACTIVE_ARCH = YES;
				SDKROOT = iphoneos;
				SWIFT_OPTIMIZATION_LEVEL = "-Owholemodule";
				TARGETED_DEVICE_FAMILY = "1,2";
			};
			name = Debug;
		};
		B8AC8DD01A5191F1004D0F12 /* Release */ = {
			isa = XCBuildConfiguration;
			buildSettings = {
				ALWAYS_SEARCH_USER_PATHS = NO;
				CLANG_CXX_LANGUAGE_STANDARD = "gnu++0x";
				CLANG_CXX_LIBRARY = "libc++";
				CLANG_ENABLE_MODULES = YES;
				CLANG_ENABLE_OBJC_ARC = YES;
				CLANG_WARN_BLOCK_CAPTURE_AUTORELEASING = YES;
				CLANG_WARN_BOOL_CONVERSION = YES;
				CLANG_WARN_COMMA = YES;
				CLANG_WARN_CONSTANT_CONVERSION = YES;
				CLANG_WARN_DEPRECATED_OBJC_IMPLEMENTATIONS = YES;
				CLANG_WARN_DIRECT_OBJC_ISA_USAGE = YES_ERROR;
				CLANG_WARN_EMPTY_BODY = YES;
				CLANG_WARN_ENUM_CONVERSION = YES;
				CLANG_WARN_INFINITE_RECURSION = YES;
				CLANG_WARN_INT_CONVERSION = YES;
				CLANG_WARN_NON_LITERAL_NULL_CONVERSION = YES;
				CLANG_WARN_OBJC_IMPLICIT_RETAIN_SELF = YES;
				CLANG_WARN_OBJC_LITERAL_CONVERSION = YES;
				CLANG_WARN_OBJC_ROOT_CLASS = YES_ERROR;
				CLANG_WARN_RANGE_LOOP_ANALYSIS = YES;
				CLANG_WARN_STRICT_PROTOTYPES = YES;
				CLANG_WARN_SUSPICIOUS_MOVE = YES;
				CLANG_WARN_UNREACHABLE_CODE = YES;
				CLANG_WARN__DUPLICATE_METHOD_MATCH = YES;
				"CODE_SIGN_IDENTITY[sdk=iphoneos*]" = "iPhone Developer";
				COPY_PHASE_STRIP = YES;
				ENABLE_NS_ASSERTIONS = NO;
				ENABLE_STRICT_OBJC_MSGSEND = YES;
				GCC_C_LANGUAGE_STANDARD = gnu99;
				GCC_NO_COMMON_BLOCKS = YES;
				GCC_WARN_64_TO_32_BIT_CONVERSION = YES;
				GCC_WARN_ABOUT_RETURN_TYPE = YES_ERROR;
				GCC_WARN_UNDECLARED_SELECTOR = YES;
				GCC_WARN_UNINITIALIZED_AUTOS = YES_AGGRESSIVE;
				GCC_WARN_UNUSED_FUNCTION = YES;
				GCC_WARN_UNUSED_VARIABLE = YES;
				IPHONEOS_DEPLOYMENT_TARGET = 9.0;
				MTL_ENABLE_DEBUG_INFO = NO;
				SDKROOT = iphoneos;
				SWIFT_OPTIMIZATION_LEVEL = "-Owholemodule";
				TARGETED_DEVICE_FAMILY = "1,2";
				VALIDATE_PRODUCT = YES;
			};
			name = Release;
		};
		B8AC8DD21A5191F1004D0F12 /* Debug */ = {
			isa = XCBuildConfiguration;
			baseConfigurationReference = 6581AC9E4A7631E3A8BB9035 /* Pods-Avoid: The Game.debug.xcconfig */;
			buildSettings = {
				ASSETCATALOG_COMPILER_APPICON_NAME = AppIcon;
				CLANG_ENABLE_MODULES = YES;
				CODE_SIGN_IDENTITY = "iPhone Developer";
				"CODE_SIGN_IDENTITY[sdk=iphoneos*]" = "iPhone Developer";
				CODE_SIGN_STYLE = Automatic;
				DEVELOPMENT_TEAM = "";
				INFOPLIST_FILE = "$(SRCROOT)/Avoid/iOS/Info.plist";
				IPHONEOS_DEPLOYMENT_TARGET = 9.0;
				LD_RUNPATH_SEARCH_PATHS = "$(inherited) @executable_path/Frameworks";
				PRODUCT_BUNDLE_IDENTIFIER = com.pi110.avo1d;
				PRODUCT_NAME = "$(TARGET_NAME)";
				PROVISIONING_PROFILE = "";
				PROVISIONING_PROFILE_SPECIFIER = "";
				SWIFT_OBJC_BRIDGING_HEADER = "Avoid/iOS/Frameworks/Avoid-Bridging-header.h";
				SWIFT_OPTIMIZATION_LEVEL = "-Onone";
				SWIFT_SWIFT3_OBJC_INFERENCE = On;
				SWIFT_VERSION = 4.0;
				TARGETED_DEVICE_FAMILY = "1,2";
			};
			name = Debug;
		};
		B8AC8DD31A5191F1004D0F12 /* Release */ = {
			isa = XCBuildConfiguration;
			baseConfigurationReference = C4759609766DEDE3F5CDF1AB /* Pods-Avoid: The Game.release.xcconfig */;
			buildSettings = {
				ASSETCATALOG_COMPILER_APPICON_NAME = AppIcon;
				CLANG_ENABLE_MODULES = YES;
				CODE_SIGN_IDENTITY = "iPhone Developer";
				"CODE_SIGN_IDENTITY[sdk=iphoneos*]" = "iPhone Developer";
				CODE_SIGN_STYLE = Automatic;
				DEVELOPMENT_TEAM = "";
				INFOPLIST_FILE = "$(SRCROOT)/Avoid/iOS/Info.plist";
				IPHONEOS_DEPLOYMENT_TARGET = 9.0;
				LD_RUNPATH_SEARCH_PATHS = "$(inherited) @executable_path/Frameworks";
				PRODUCT_BUNDLE_IDENTIFIER = com.pi110.avo1d;
				PRODUCT_NAME = "$(TARGET_NAME)";
				PROVISIONING_PROFILE = "";
				PROVISIONING_PROFILE_SPECIFIER = "";
				SWIFT_COMPILATION_MODE = wholemodule;
				SWIFT_OBJC_BRIDGING_HEADER = "Avoid/iOS/Frameworks/Avoid-Bridging-header.h";
				SWIFT_OPTIMIZATION_LEVEL = "-Onone";
				SWIFT_SWIFT3_OBJC_INFERENCE = On;
				SWIFT_VERSION = 4.0;
				TARGETED_DEVICE_FAMILY = "1,2";
			};
			name = Release;
		};
/* End XCBuildConfiguration section */

/* Begin XCConfigurationList section */
		B8AC8DA91A5191F1004D0F12 /* Build configuration list for PBXProject "Avoid" */ = {
			isa = XCConfigurationList;
			buildConfigurations = (
				B8AC8DCF1A5191F1004D0F12 /* Debug */,
				B8AC8DD01A5191F1004D0F12 /* Release */,
			);
			defaultConfigurationIsVisible = 0;
			defaultConfigurationName = Release;
		};
		B8AC8DD11A5191F1004D0F12 /* Build configuration list for PBXNativeTarget "Avoid: The Game" */ = {
			isa = XCConfigurationList;
			buildConfigurations = (
				B8AC8DD21A5191F1004D0F12 /* Debug */,
				B8AC8DD31A5191F1004D0F12 /* Release */,
			);
			defaultConfigurationIsVisible = 0;
			defaultConfigurationName = Release;
		};
/* End XCConfigurationList section */

/* Begin XCVersionGroup section */
		B8FD0A1C20B316C2009F657F /* avo1d.xcdatamodeld */ = {
			isa = XCVersionGroup;
			children = (
				B8FD0A1D20B316C2009F657F /* avo1d2.0.xcdatamodel */,
				B8FD0A1E20B316C2009F657F /* avo1d.xcdatamodel */,
				B8FD0A1F20B316C2009F657F /* avo1d1.1.xcdatamodel */,
			);
			currentVersion = B8FD0A1D20B316C2009F657F /* avo1d2.0.xcdatamodel */;
			path = avo1d.xcdatamodeld;
			sourceTree = "<group>";
			versionGroupType = wrapper.xcdatamodel;
		};
/* End XCVersionGroup section */
	};
	rootObject = B8AC8DA61A5191F1004D0F12 /* Project object */;
}
